
Microsoft Visual Studio Solution File, Format Version 12.00
# Visual Studio Version 16
VisualStudioVersion = 25.0.1704.2
MinimumVisualStudioVersion = 10.0.40219.1
Project("{FAE04EC0-301F-11D3-BF4B-00C04F79EFBC}") = "Api", "Api\Api.csproj", "{78B1D0D6-B112-4BBD-AD46-681DD9A6D173}"
EndProject
Global
	GlobalSection(SolutionConfigurationPlatforms) = preSolution
		Debug|Any CPU = Debug|Any CPU
		Release|Any CPU = Release|Any CPU
	EndGlobalSection
	GlobalSection(ProjectConfigurationPlatforms) = postSolution
		{78B1D0D6-B112-4BBD-AD46-681DD9A6D173}.Debug|Any CPU.ActiveCfg = Debug|Any CPU
		{78B1D0D6-B112-4BBD-AD46-681DD9A6D173}.Debug|Any CPU.Build.0 = Debug|Any CPU
		{78B1D0D6-B112-4BBD-AD46-681DD9A6D173}.Release|Any CPU.ActiveCfg = Release|Any CPU
		{78B1D0D6-B112-4BBD-AD46-681DD9A6D173}.Release|Any CPU.Build.0 = Release|Any CPU
	EndGlobalSection
	GlobalSection(SolutionProperties) = preSolution
		HideSolutionNode = FALSE
	EndGlobalSection
	GlobalSection(ExtensibilityGlobals) = postSolution
		SolutionGuid = {4313A148-556D-4F9A-9F93-AC02D6B36D6C}
	EndGlobalSection
EndGlobal
